
Microsoft Visual Studio Solution File, Format Version 12.00
# Visual Studio Version 17
VisualStudioVersion = 17.1.32421.90
MinimumVisualStudioVersion = 10.0.40219.1
Project("{FAE04EC0-301F-11D3-BF4B-00C04F79EFBC}") = "Laboratoire01.Android", "Laboratoire01.Android\Laboratoire01.Android.csproj", "{3D1B1A5F-E980-4DD4-AB69-C56B633CA80A}"
EndProject
Project("{FAE04EC0-301F-11D3-BF4B-00C04F79EFBC}") = "Laboratoire01.iOS", "Laboratoire01.iOS\Laboratoire01.iOS.csproj", "{74E9C354-733B-471B-AF87-6BC300297348}"
EndProject
Project("{FAE04EC0-301F-11D3-BF4B-00C04F79EFBC}") = "Laboratoire01", "Laboratoire01\Laboratoire01.csproj", "{15EE056B-ADF5-4C2C-A861-F12F2B40DACB}"
EndProject
Project("{FAE04EC0-301F-11D3-BF4B-00C04F79EFBC}") = "Exercice-2.Android", "..\Exercice-2\Exercice-2.Android\Exercice-2.Android.csproj", "{2254EFEE-91AE-4DC7-B2B4-3A25F0FB0D30}"
EndProject
Project("{FAE04EC0-301F-11D3-BF4B-00C04F79EFBC}") = "Exercice-2.iOS", "..\Exercice-2\Exercice-2.iOS\Exercice-2.iOS.csproj", "{37570E2B-B7EC-4DA9-B3EC-A0CD6520C224}"
EndProject
Project("{FAE04EC0-301F-11D3-BF4B-00C04F79EFBC}") = "Exercice-2", "..\Exercice-2\Exercice-2\Exercice-2.csproj", "{DE6FD3CA-D7A1-4E93-9D0E-719DCA3FF74F}"
EndProject
Project("{FAE04EC0-301F-11D3-BF4B-00C04F79EFBC}") = "Exercice-3.Android", "..\Exercice-3\Exercice-3.Android\Exercice-3.Android.csproj", "{967F340F-7CC5-4408-B631-E24F78521DA0}"
EndProject
Project("{FAE04EC0-301F-11D3-BF4B-00C04F79EFBC}") = "Exercice-3.iOS", "..\Exercice-3\Exercice-3.iOS\Exercice-3.iOS.csproj", "{41E4D9FA-7734-4DD2-AA6A-162E397A1196}"
EndProject
Project("{FAE04EC0-301F-11D3-BF4B-00C04F79EFBC}") = "Exercice-3", "..\Exercice-3\Exercice-3\Exercice-3.csproj", "{40B42544-1F28-4575-9C57-F09C00D2D847}"
EndProject
Project("{FAE04EC0-301F-11D3-BF4B-00C04F79EFBC}") = "Exercice-4.Android", "..\Exercice-4\Exercice-4.Android\Exercice-4.Android.csproj", "{8B46AA8D-0CC3-4F5D-A3A1-DF6875183C3F}"
EndProject
Project("{FAE04EC0-301F-11D3-BF4B-00C04F79EFBC}") = "Exercice-4.iOS", "..\Exercice-4\Exercice-4.iOS\Exercice-4.iOS.csproj", "{EBC7C0B3-8783-49EB-9670-31EFF7E39149}"
EndProject
Project("{FAE04EC0-301F-11D3-BF4B-00C04F79EFBC}") = "Exercice-4", "..\Exercice-4\Exercice-4\Exercice-4.csproj", "{2E4649C8-21B8-4CEF-A1EF-65C03E846284}"
EndProject
Project("{FAE04EC0-301F-11D3-BF4B-00C04F79EFBC}") = "Exercice-5.Android", "..\Exercice-5\Exercice-5.Android\Exercice-5.Android.csproj", "{A3A32483-EEB0-40CB-A56F-E1E1DF97CE9C}"
EndProject
Project("{FAE04EC0-301F-11D3-BF4B-00C04F79EFBC}") = "Exercice-5.iOS", "..\Exercice-5\Exercice-5.iOS\Exercice-5.iOS.csproj", "{587BD0DB-BA54-47C0-A8CA-338110150DBF}"
EndProject
Project("{FAE04EC0-301F-11D3-BF4B-00C04F79EFBC}") = "Exercice-5", "..\Exercice-5\Exercice-5\Exercice-5.csproj", "{49CD013E-5A23-4501-8C8C-B5E154CAAE77}"
EndProject
Global
	GlobalSection(SolutionConfigurationPlatforms) = preSolution
		Debug|Any CPU = Debug|Any CPU
		Debug|iPhone = Debug|iPhone
		Debug|iPhoneSimulator = Debug|iPhoneSimulator
		Release|Any CPU = Release|Any CPU
		Release|iPhone = Release|iPhone
		Release|iPhoneSimulator = Release|iPhoneSimulator
	EndGlobalSection
	GlobalSection(ProjectConfigurationPlatforms) = postSolution
		{3D1B1A5F-E980-4DD4-AB69-C56B633CA80A}.Debug|Any CPU.ActiveCfg = Debug|Any CPU
		{3D1B1A5F-E980-4DD4-AB69-C56B633CA80A}.Debug|Any CPU.Build.0 = Debug|Any CPU
		{3D1B1A5F-E980-4DD4-AB69-C56B633CA80A}.Debug|Any CPU.Deploy.0 = Debug|Any CPU
		{3D1B1A5F-E980-4DD4-AB69-C56B633CA80A}.Debug|iPhone.ActiveCfg = Debug|Any CPU
		{3D1B1A5F-E980-4DD4-AB69-C56B633CA80A}.Debug|iPhone.Build.0 = Debug|Any CPU
		{3D1B1A5F-E980-4DD4-AB69-C56B633CA80A}.Debug|iPhone.Deploy.0 = Debug|Any CPU
		{3D1B1A5F-E980-4DD4-AB69-C56B633CA80A}.Debug|iPhoneSimulator.ActiveCfg = Debug|Any CPU
		{3D1B1A5F-E980-4DD4-AB69-C56B633CA80A}.Debug|iPhoneSimulator.Build.0 = Debug|Any CPU
		{3D1B1A5F-E980-4DD4-AB69-C56B633CA80A}.Debug|iPhoneSimulator.Deploy.0 = Debug|Any CPU
		{3D1B1A5F-E980-4DD4-AB69-C56B633CA80A}.Release|Any CPU.ActiveCfg = Release|Any CPU
		{3D1B1A5F-E980-4DD4-AB69-C56B633CA80A}.Release|Any CPU.Build.0 = Release|Any CPU
		{3D1B1A5F-E980-4DD4-AB69-C56B633CA80A}.Release|Any CPU.Deploy.0 = Release|Any CPU
		{3D1B1A5F-E980-4DD4-AB69-C56B633CA80A}.Release|iPhone.ActiveCfg = Release|Any CPU
		{3D1B1A5F-E980-4DD4-AB69-C56B633CA80A}.Release|iPhone.Build.0 = Release|Any CPU
		{3D1B1A5F-E980-4DD4-AB69-C56B633CA80A}.Release|iPhone.Deploy.0 = Release|Any CPU
		{3D1B1A5F-E980-4DD4-AB69-C56B633CA80A}.Release|iPhoneSimulator.ActiveCfg = Release|Any CPU
		{3D1B1A5F-E980-4DD4-AB69-C56B633CA80A}.Release|iPhoneSimulator.Build.0 = Release|Any CPU
		{3D1B1A5F-E980-4DD4-AB69-C56B633CA80A}.Release|iPhoneSimulator.Deploy.0 = Release|Any CPU
		{74E9C354-733B-471B-AF87-6BC300297348}.Debug|Any CPU.ActiveCfg = Debug|iPhone
		{74E9C354-733B-471B-AF87-6BC300297348}.Debug|Any CPU.Build.0 = Debug|iPhone
		{74E9C354-733B-471B-AF87-6BC300297348}.Debug|Any CPU.Deploy.0 = Debug|iPhone
		{74E9C354-733B-471B-AF87-6BC300297348}.Debug|iPhone.ActiveCfg = Debug|iPhone
		{74E9C354-733B-471B-AF87-6BC300297348}.Debug|iPhone.Build.0 = Debug|iPhone
		{74E9C354-733B-471B-AF87-6BC300297348}.Debug|iPhone.Deploy.0 = Debug|iPhone
		{74E9C354-733B-471B-AF87-6BC300297348}.Debug|iPhoneSimulator.ActiveCfg = Debug|iPhoneSimulator
		{74E9C354-733B-471B-AF87-6BC300297348}.Debug|iPhoneSimulator.Build.0 = Debug|iPhoneSimulator
		{74E9C354-733B-471B-AF87-6BC300297348}.Debug|iPhoneSimulator.Deploy.0 = Debug|iPhoneSimulator
		{74E9C354-733B-471B-AF87-6BC300297348}.Release|Any CPU.ActiveCfg = Release|iPhoneSimulator
		{74E9C354-733B-471B-AF87-6BC300297348}.Release|Any CPU.Build.0 = Release|iPhoneSimulator
		{74E9C354-733B-471B-AF87-6BC300297348}.Release|Any CPU.Deploy.0 = Release|iPhoneSimulator
		{74E9C354-733B-471B-AF87-6BC300297348}.Release|iPhone.ActiveCfg = Release|iPhone
		{74E9C354-733B-471B-AF87-6BC300297348}.Release|iPhone.Build.0 = Release|iPhone
		{74E9C354-733B-471B-AF87-6BC300297348}.Release|iPhone.Deploy.0 = Release|iPhone
		{74E9C354-733B-471B-AF87-6BC300297348}.Release|iPhoneSimulator.ActiveCfg = Release|iPhoneSimulator
		{74E9C354-733B-471B-AF87-6BC300297348}.Release|iPhoneSimulator.Build.0 = Release|iPhoneSimulator
		{74E9C354-733B-471B-AF87-6BC300297348}.Release|iPhoneSimulator.Deploy.0 = Release|iPhoneSimulator
		{15EE056B-ADF5-4C2C-A861-F12F2B40DACB}.Debug|Any CPU.ActiveCfg = Debug|Any CPU
		{15EE056B-ADF5-4C2C-A861-F12F2B40DACB}.Debug|Any CPU.Build.0 = Debug|Any CPU
		{15EE056B-ADF5-4C2C-A861-F12F2B40DACB}.Debug|Any CPU.Deploy.0 = Debug|Any CPU
		{15EE056B-ADF5-4C2C-A861-F12F2B40DACB}.Debug|iPhone.ActiveCfg = Debug|Any CPU
		{15EE056B-ADF5-4C2C-A861-F12F2B40DACB}.Debug|iPhone.Build.0 = Debug|Any CPU
		{15EE056B-ADF5-4C2C-A861-F12F2B40DACB}.Debug|iPhone.Deploy.0 = Debug|Any CPU
		{15EE056B-ADF5-4C2C-A861-F12F2B40DACB}.Debug|iPhoneSimulator.ActiveCfg = Debug|Any CPU
		{15EE056B-ADF5-4C2C-A861-F12F2B40DACB}.Debug|iPhoneSimulator.Build.0 = Debug|Any CPU
		{15EE056B-ADF5-4C2C-A861-F12F2B40DACB}.Debug|iPhoneSimulator.Deploy.0 = Debug|Any CPU
		{15EE056B-ADF5-4C2C-A861-F12F2B40DACB}.Release|Any CPU.ActiveCfg = Release|Any CPU
		{15EE056B-ADF5-4C2C-A861-F12F2B40DACB}.Release|Any CPU.Build.0 = Release|Any CPU
		{15EE056B-ADF5-4C2C-A861-F12F2B40DACB}.Release|Any CPU.Deploy.0 = Release|Any CPU
		{15EE056B-ADF5-4C2C-A861-F12F2B40DACB}.Release|iPhone.ActiveCfg = Release|Any CPU
		{15EE056B-ADF5-4C2C-A861-F12F2B40DACB}.Release|iPhone.Build.0 = Release|Any CPU
		{15EE056B-ADF5-4C2C-A861-F12F2B40DACB}.Release|iPhone.Deploy.0 = Release|Any CPU
		{15EE056B-ADF5-4C2C-A861-F12F2B40DACB}.Release|iPhoneSimulator.ActiveCfg = Release|Any CPU
		{15EE056B-ADF5-4C2C-A861-F12F2B40DACB}.Release|iPhoneSimulator.Build.0 = Release|Any CPU
		{15EE056B-ADF5-4C2C-A861-F12F2B40DACB}.Release|iPhoneSimulator.Deploy.0 = Release|Any CPU
		{2254EFEE-91AE-4DC7-B2B4-3A25F0FB0D30}.Debug|Any CPU.ActiveCfg = Debug|Any CPU
		{2254EFEE-91AE-4DC7-B2B4-3A25F0FB0D30}.Debug|Any CPU.Build.0 = Debug|Any CPU
		{2254EFEE-91AE-4DC7-B2B4-3A25F0FB0D30}.Debug|Any CPU.Deploy.0 = Debug|Any CPU
		{2254EFEE-91AE-4DC7-B2B4-3A25F0FB0D30}.Debug|iPhone.ActiveCfg = Debug|Any CPU
		{2254EFEE-91AE-4DC7-B2B4-3A25F0FB0D30}.Debug|iPhone.Build.0 = Debug|Any CPU
		{2254EFEE-91AE-4DC7-B2B4-3A25F0FB0D30}.Debug|iPhone.Deploy.0 = Debug|Any CPU
		{2254EFEE-91AE-4DC7-B2B4-3A25F0FB0D30}.Debug|iPhoneSimulator.ActiveCfg = Debug|Any CPU
		{2254EFEE-91AE-4DC7-B2B4-3A25F0FB0D30}.Debug|iPhoneSimulator.Build.0 = Debug|Any CPU
		{2254EFEE-91AE-4DC7-B2B4-3A25F0FB0D30}.Debug|iPhoneSimulator.Deploy.0 = Debug|Any CPU
		{2254EFEE-91AE-4DC7-B2B4-3A25F0FB0D30}.Release|Any CPU.ActiveCfg = Release|Any CPU
		{2254EFEE-91AE-4DC7-B2B4-3A25F0FB0D30}.Release|Any CPU.Build.0 = Release|Any CPU
		{2254EFEE-91AE-4DC7-B2B4-3A25F0FB0D30}.Release|Any CPU.Deploy.0 = Release|Any CPU
		{2254EFEE-91AE-4DC7-B2B4-3A25F0FB0D30}.Release|iPhone.ActiveCfg = Release|Any CPU
		{2254EFEE-91AE-4DC7-B2B4-3A25F0FB0D30}.Release|iPhone.Build.0 = Release|Any CPU
		{2254EFEE-91AE-4DC7-B2B4-3A25F0FB0D30}.Release|iPhone.Deploy.0 = Release|Any CPU
		{2254EFEE-91AE-4DC7-B2B4-3A25F0FB0D30}.Release|iPhoneSimulator.ActiveCfg = Release|Any CPU
		{2254EFEE-91AE-4DC7-B2B4-3A25F0FB0D30}.Release|iPhoneSimulator.Build.0 = Release|Any CPU
		{2254EFEE-91AE-4DC7-B2B4-3A25F0FB0D30}.Release|iPhoneSimulator.Deploy.0 = Release|Any CPU
		{37570E2B-B7EC-4DA9-B3EC-A0CD6520C224}.Debug|Any CPU.ActiveCfg = Debug|iPhoneSimulator
		{37570E2B-B7EC-4DA9-B3EC-A0CD6520C224}.Debug|Any CPU.Build.0 = Debug|iPhoneSimulator
		{37570E2B-B7EC-4DA9-B3EC-A0CD6520C224}.Debug|iPhone.ActiveCfg = Debug|iPhone
		{37570E2B-B7EC-4DA9-B3EC-A0CD6520C224}.Debug|iPhone.Build.0 = Debug|iPhone
		{37570E2B-B7EC-4DA9-B3EC-A0CD6520C224}.Debug|iPhoneSimulator.ActiveCfg = Debug|iPhoneSimulator
		{37570E2B-B7EC-4DA9-B3EC-A0CD6520C224}.Debug|iPhoneSimulator.Build.0 = Debug|iPhoneSimulator
		{37570E2B-B7EC-4DA9-B3EC-A0CD6520C224}.Release|Any CPU.ActiveCfg = Release|iPhoneSimulator
		{37570E2B-B7EC-4DA9-B3EC-A0CD6520C224}.Release|Any CPU.Build.0 = Release|iPhoneSimulator
		{37570E2B-B7EC-4DA9-B3EC-A0CD6520C224}.Release|iPhone.ActiveCfg = Release|iPhone
		{37570E2B-B7EC-4DA9-B3EC-A0CD6520C224}.Release|iPhone.Build.0 = Release|iPhone
		{37570E2B-B7EC-4DA9-B3EC-A0CD6520C224}.Release|iPhoneSimulator.ActiveCfg = Release|iPhoneSimulator
		{37570E2B-B7EC-4DA9-B3EC-A0CD6520C224}.Release|iPhoneSimulator.Build.0 = Release|iPhoneSimulator
		{DE6FD3CA-D7A1-4E93-9D0E-719DCA3FF74F}.Debug|Any CPU.ActiveCfg = Debug|Any CPU
		{DE6FD3CA-D7A1-4E93-9D0E-719DCA3FF74F}.Debug|Any CPU.Build.0 = Debug|Any CPU
		{DE6FD3CA-D7A1-4E93-9D0E-719DCA3FF74F}.Debug|iPhone.ActiveCfg = Debug|Any CPU
		{DE6FD3CA-D7A1-4E93-9D0E-719DCA3FF74F}.Debug|iPhone.Build.0 = Debug|Any CPU
		{DE6FD3CA-D7A1-4E93-9D0E-719DCA3FF74F}.Debug|iPhoneSimulator.ActiveCfg = Debug|Any CPU
		{DE6FD3CA-D7A1-4E93-9D0E-719DCA3FF74F}.Debug|iPhoneSimulator.Build.0 = Debug|Any CPU
		{DE6FD3CA-D7A1-4E93-9D0E-719DCA3FF74F}.Release|Any CPU.ActiveCfg = Release|Any CPU
		{DE6FD3CA-D7A1-4E93-9D0E-719DCA3FF74F}.Release|Any CPU.Build.0 = Release|Any CPU
		{DE6FD3CA-D7A1-4E93-9D0E-719DCA3FF74F}.Release|iPhone.ActiveCfg = Release|Any CPU
		{DE6FD3CA-D7A1-4E93-9D0E-719DCA3FF74F}.Release|iPhone.Build.0 = Release|Any CPU
		{DE6FD3CA-D7A1-4E93-9D0E-719DCA3FF74F}.Release|iPhoneSimulator.ActiveCfg = Release|Any CPU
		{DE6FD3CA-D7A1-4E93-9D0E-719DCA3FF74F}.Release|iPhoneSimulator.Build.0 = Release|Any CPU
		{967F340F-7CC5-4408-B631-E24F78521DA0}.Debug|Any CPU.ActiveCfg = Debug|Any CPU
		{967F340F-7CC5-4408-B631-E24F78521DA0}.Debug|Any CPU.Build.0 = Debug|Any CPU
		{967F340F-7CC5-4408-B631-E24F78521DA0}.Debug|Any CPU.Deploy.0 = Debug|Any CPU
		{967F340F-7CC5-4408-B631-E24F78521DA0}.Debug|iPhone.ActiveCfg = Debug|Any CPU
		{967F340F-7CC5-4408-B631-E24F78521DA0}.Debug|iPhone.Build.0 = Debug|Any CPU
		{967F340F-7CC5-4408-B631-E24F78521DA0}.Debug|iPhone.Deploy.0 = Debug|Any CPU
		{967F340F-7CC5-4408-B631-E24F78521DA0}.Debug|iPhoneSimulator.ActiveCfg = Debug|Any CPU
		{967F340F-7CC5-4408-B631-E24F78521DA0}.Debug|iPhoneSimulator.Build.0 = Debug|Any CPU
		{967F340F-7CC5-4408-B631-E24F78521DA0}.Debug|iPhoneSimulator.Deploy.0 = Debug|Any CPU
		{967F340F-7CC5-4408-B631-E24F78521DA0}.Release|Any CPU.ActiveCfg = Release|Any CPU
		{967F340F-7CC5-4408-B631-E24F78521DA0}.Release|Any CPU.Build.0 = Release|Any CPU
		{967F340F-7CC5-4408-B631-E24F78521DA0}.Release|Any CPU.Deploy.0 = Release|Any CPU
		{967F340F-7CC5-4408-B631-E24F78521DA0}.Release|iPhone.ActiveCfg = Release|Any CPU
		{967F340F-7CC5-4408-B631-E24F78521DA0}.Release|iPhone.Build.0 = Release|Any CPU
		{967F340F-7CC5-4408-B631-E24F78521DA0}.Release|iPhone.Deploy.0 = Release|Any CPU
		{967F340F-7CC5-4408-B631-E24F78521DA0}.Release|iPhoneSimulator.ActiveCfg = Release|Any CPU
		{967F340F-7CC5-4408-B631-E24F78521DA0}.Release|iPhoneSimulator.Build.0 = Release|Any CPU
		{967F340F-7CC5-4408-B631-E24F78521DA0}.Release|iPhoneSimulator.Deploy.0 = Release|Any CPU
		{41E4D9FA-7734-4DD2-AA6A-162E397A1196}.Debug|Any CPU.ActiveCfg = Debug|iPhoneSimulator
		{41E4D9FA-7734-4DD2-AA6A-162E397A1196}.Debug|Any CPU.Build.0 = Debug|iPhoneSimulator
		{41E4D9FA-7734-4DD2-AA6A-162E397A1196}.Debug|iPhone.ActiveCfg = Debug|iPhone
		{41E4D9FA-7734-4DD2-AA6A-162E397A1196}.Debug|iPhone.Build.0 = Debug|iPhone
		{41E4D9FA-7734-4DD2-AA6A-162E397A1196}.Debug|iPhoneSimulator.ActiveCfg = Debug|iPhoneSimulator
		{41E4D9FA-7734-4DD2-AA6A-162E397A1196}.Debug|iPhoneSimulator.Build.0 = Debug|iPhoneSimulator
		{41E4D9FA-7734-4DD2-AA6A-162E397A1196}.Release|Any CPU.ActiveCfg = Release|iPhoneSimulator
		{41E4D9FA-7734-4DD2-AA6A-162E397A1196}.Release|Any CPU.Build.0 = Release|iPhoneSimulator
		{41E4D9FA-7734-4DD2-AA6A-162E397A1196}.Release|iPhone.ActiveCfg = Release|iPhone
		{41E4D9FA-7734-4DD2-AA6A-162E397A1196}.Release|iPhone.Build.0 = Release|iPhone
		{41E4D9FA-7734-4DD2-AA6A-162E397A1196}.Release|iPhoneSimulator.ActiveCfg = Release|iPhoneSimulator
		{41E4D9FA-7734-4DD2-AA6A-162E397A1196}.Release|iPhoneSimulator.Build.0 = Release|iPhoneSimulator
		{40B42544-1F28-4575-9C57-F09C00D2D847}.Debug|Any CPU.ActiveCfg = Debug|Any CPU
		{40B42544-1F28-4575-9C57-F09C00D2D847}.Debug|Any CPU.Build.0 = Debug|Any CPU
		{40B42544-1F28-4575-9C57-F09C00D2D847}.Debug|iPhone.ActiveCfg = Debug|Any CPU
		{40B42544-1F28-4575-9C57-F09C00D2D847}.Debug|iPhone.Build.0 = Debug|Any CPU
		{40B42544-1F28-4575-9C57-F09C00D2D847}.Debug|iPhoneSimulator.ActiveCfg = Debug|Any CPU
		{40B42544-1F28-4575-9C57-F09C00D2D847}.Debug|iPhoneSimulator.Build.0 = Debug|Any CPU
		{40B42544-1F28-4575-9C57-F09C00D2D847}.Release|Any CPU.ActiveCfg = Release|Any CPU
		{40B42544-1F28-4575-9C57-F09C00D2D847}.Release|Any CPU.Build.0 = Release|Any CPU
		{40B42544-1F28-4575-9C57-F09C00D2D847}.Release|iPhone.ActiveCfg = Release|Any CPU
		{40B42544-1F28-4575-9C57-F09C00D2D847}.Release|iPhone.Build.0 = Release|Any CPU
		{40B42544-1F28-4575-9C57-F09C00D2D847}.Release|iPhoneSimulator.ActiveCfg = Release|Any CPU
		{40B42544-1F28-4575-9C57-F09C00D2D847}.Release|iPhoneSimulator.Build.0 = Release|Any CPU
		{8B46AA8D-0CC3-4F5D-A3A1-DF6875183C3F}.Debug|Any CPU.ActiveCfg = Debug|Any CPU
		{8B46AA8D-0CC3-4F5D-A3A1-DF6875183C3F}.Debug|Any CPU.Build.0 = Debug|Any CPU
		{8B46AA8D-0CC3-4F5D-A3A1-DF6875183C3F}.Debug|Any CPU.Deploy.0 = Debug|Any CPU
		{8B46AA8D-0CC3-4F5D-A3A1-DF6875183C3F}.Debug|iPhone.ActiveCfg = Debug|Any CPU
		{8B46AA8D-0CC3-4F5D-A3A1-DF6875183C3F}.Debug|iPhone.Build.0 = Debug|Any CPU
		{8B46AA8D-0CC3-4F5D-A3A1-DF6875183C3F}.Debug|iPhone.Deploy.0 = Debug|Any CPU
		{8B46AA8D-0CC3-4F5D-A3A1-DF6875183C3F}.Debug|iPhoneSimulator.ActiveCfg = Debug|Any CPU
		{8B46AA8D-0CC3-4F5D-A3A1-DF6875183C3F}.Debug|iPhoneSimulator.Build.0 = Debug|Any CPU
		{8B46AA8D-0CC3-4F5D-A3A1-DF6875183C3F}.Debug|iPhoneSimulator.Deploy.0 = Debug|Any CPU
		{8B46AA8D-0CC3-4F5D-A3A1-DF6875183C3F}.Release|Any CPU.ActiveCfg = Release|Any CPU
		{8B46AA8D-0CC3-4F5D-A3A1-DF6875183C3F}.Release|Any CPU.Build.0 = Release|Any CPU
		{8B46AA8D-0CC3-4F5D-A3A1-DF6875183C3F}.Release|Any CPU.Deploy.0 = Release|Any CPU
		{8B46AA8D-0CC3-4F5D-A3A1-DF6875183C3F}.Release|iPhone.ActiveCfg = Release|Any CPU
		{8B46AA8D-0CC3-4F5D-A3A1-DF6875183C3F}.Release|iPhone.Build.0 = Release|Any CPU
		{8B46AA8D-0CC3-4F5D-A3A1-DF6875183C3F}.Release|iPhone.Deploy.0 = Release|Any CPU
		{8B46AA8D-0CC3-4F5D-A3A1-DF6875183C3F}.Release|iPhoneSimulator.ActiveCfg = Release|Any CPU
		{8B46AA8D-0CC3-4F5D-A3A1-DF6875183C3F}.Release|iPhoneSimulator.Build.0 = Release|Any CPU
		{8B46AA8D-0CC3-4F5D-A3A1-DF6875183C3F}.Release|iPhoneSimulator.Deploy.0 = Release|Any CPU
		{EBC7C0B3-8783-49EB-9670-31EFF7E39149}.Debug|Any CPU.ActiveCfg = Debug|iPhoneSimulator
		{EBC7C0B3-8783-49EB-9670-31EFF7E39149}.Debug|Any CPU.Build.0 = Debug|iPhoneSimulator
		{EBC7C0B3-8783-49EB-9670-31EFF7E39149}.Debug|iPhone.ActiveCfg = Debug|iPhone
		{EBC7C0B3-8783-49EB-9670-31EFF7E39149}.Debug|iPhone.Build.0 = Debug|iPhone
		{EBC7C0B3-8783-49EB-9670-31EFF7E39149}.Debug|iPhoneSimulator.ActiveCfg = Debug|iPhoneSimulator
		{EBC7C0B3-8783-49EB-9670-31EFF7E39149}.Debug|iPhoneSimulator.Build.0 = Debug|iPhoneSimulator
		{EBC7C0B3-8783-49EB-9670-31EFF7E39149}.Release|Any CPU.ActiveCfg = Release|iPhoneSimulator
		{EBC7C0B3-8783-49EB-9670-31EFF7E39149}.Release|Any CPU.Build.0 = Release|iPhoneSimulator
		{EBC7C0B3-8783-49EB-9670-31EFF7E39149}.Release|iPhone.ActiveCfg = Release|iPhone
		{EBC7C0B3-8783-49EB-9670-31EFF7E39149}.Release|iPhone.Build.0 = Release|iPhone
		{EBC7C0B3-8783-49EB-9670-31EFF7E39149}.Release|iPhoneSimulator.ActiveCfg = Release|iPhoneSimulator
		{EBC7C0B3-8783-49EB-9670-31EFF7E39149}.Release|iPhoneSimulator.Build.0 = Release|iPhoneSimulator
		{2E4649C8-21B8-4CEF-A1EF-65C03E846284}.Debug|Any CPU.ActiveCfg = Debug|Any CPU
		{2E4649C8-21B8-4CEF-A1EF-65C03E846284}.Debug|Any CPU.Build.0 = Debug|Any CPU
		{2E4649C8-21B8-4CEF-A1EF-65C03E846284}.Debug|iPhone.ActiveCfg = Debug|Any CPU
		{2E4649C8-21B8-4CEF-A1EF-65C03E846284}.Debug|iPhone.Build.0 = Debug|Any CPU
		{2E4649C8-21B8-4CEF-A1EF-65C03E846284}.Debug|iPhoneSimulator.ActiveCfg = Debug|Any CPU
		{2E4649C8-21B8-4CEF-A1EF-65C03E846284}.Debug|iPhoneSimulator.Build.0 = Debug|Any CPU
		{2E4649C8-21B8-4CEF-A1EF-65C03E846284}.Release|Any CPU.ActiveCfg = Release|Any CPU
		{2E4649C8-21B8-4CEF-A1EF-65C03E846284}.Release|Any CPU.Build.0 = Release|Any CPU
		{2E4649C8-21B8-4CEF-A1EF-65C03E846284}.Release|iPhone.ActiveCfg = Release|Any CPU
		{2E4649C8-21B8-4CEF-A1EF-65C03E846284}.Release|iPhone.Build.0 = Release|Any CPU
		{2E4649C8-21B8-4CEF-A1EF-65C03E846284}.Release|iPhoneSimulator.ActiveCfg = Release|Any CPU
		{2E4649C8-21B8-4CEF-A1EF-65C03E846284}.Release|iPhoneSimulator.Build.0 = Release|Any CPU
		{A3A32483-EEB0-40CB-A56F-E1E1DF97CE9C}.Debug|Any CPU.ActiveCfg = Debug|Any CPU
		{A3A32483-EEB0-40CB-A56F-E1E1DF97CE9C}.Debug|Any CPU.Build.0 = Debug|Any CPU
		{A3A32483-EEB0-40CB-A56F-E1E1DF97CE9C}.Debug|Any CPU.Deploy.0 = Debug|Any CPU
		{A3A32483-EEB0-40CB-A56F-E1E1DF97CE9C}.Debug|iPhone.ActiveCfg = Debug|Any CPU
		{A3A32483-EEB0-40CB-A56F-E1E1DF97CE9C}.Debug|iPhone.Build.0 = Debug|Any CPU
		{A3A32483-EEB0-40CB-A56F-E1E1DF97CE9C}.Debug|iPhone.Deploy.0 = Debug|Any CPU
		{A3A32483-EEB0-40CB-A56F-E1E1DF97CE9C}.Debug|iPhoneSimulator.ActiveCfg = Debug|Any CPU
		{A3A32483-EEB0-40CB-A56F-E1E1DF97CE9C}.Debug|iPhoneSimulator.Build.0 = Debug|Any CPU
		{A3A32483-EEB0-40CB-A56F-E1E1DF97CE9C}.Debug|iPhoneSimulator.Deploy.0 = Debug|Any CPU
		{A3A32483-EEB0-40CB-A56F-E1E1DF97CE9C}.Release|Any CPU.ActiveCfg = Release|Any CPU
		{A3A32483-EEB0-40CB-A56F-E1E1DF97CE9C}.Release|Any CPU.Build.0 = Release|Any CPU
		{A3A32483-EEB0-40CB-A56F-E1E1DF97CE9C}.Release|Any CPU.Deploy.0 = Release|Any CPU
		{A3A32483-EEB0-40CB-A56F-E1E1DF97CE9C}.Release|iPhone.ActiveCfg = Release|Any CPU
		{A3A32483-EEB0-40CB-A56F-E1E1DF97CE9C}.Release|iPhone.Build.0 = Release|Any CPU
		{A3A32483-EEB0-40CB-A56F-E1E1DF97CE9C}.Release|iPhone.Deploy.0 = Release|Any CPU
		{A3A32483-EEB0-40CB-A56F-E1E1DF97CE9C}.Release|iPhoneSimulator.ActiveCfg = Release|Any CPU
		{A3A32483-EEB0-40CB-A56F-E1E1DF97CE9C}.Release|iPhoneSimulator.Build.0 = Release|Any CPU
		{A3A32483-EEB0-40CB-A56F-E1E1DF97CE9C}.Release|iPhoneSimulator.Deploy.0 = Release|Any CPU
		{587BD0DB-BA54-47C0-A8CA-338110150DBF}.Debug|Any CPU.ActiveCfg = Debug|iPhoneSimulator
		{587BD0DB-BA54-47C0-A8CA-338110150DBF}.Debug|Any CPU.Build.0 = Debug|iPhoneSimulator
		{587BD0DB-BA54-47C0-A8CA-338110150DBF}.Debug|iPhone.ActiveCfg = Debug|iPhone
		{587BD0DB-BA54-47C0-A8CA-338110150DBF}.Debug|iPhone.Build.0 = Debug|iPhone
		{587BD0DB-BA54-47C0-A8CA-338110150DBF}.Debug|iPhoneSimulator.ActiveCfg = Debug|iPhoneSimulator
		{587BD0DB-BA54-47C0-A8CA-338110150DBF}.Debug|iPhoneSimulator.Build.0 = Debug|iPhoneSimulator
		{587BD0DB-BA54-47C0-A8CA-338110150DBF}.Release|Any CPU.ActiveCfg = Release|iPhoneSimulator
		{587BD0DB-BA54-47C0-A8CA-338110150DBF}.Release|Any CPU.Build.0 = Release|iPhoneSimulator
		{587BD0DB-BA54-47C0-A8CA-338110150DBF}.Release|iPhone.ActiveCfg = Release|iPhone
		{587BD0DB-BA54-47C0-A8CA-338110150DBF}.Release|iPhone.Build.0 = Release|iPhone
		{587BD0DB-BA54-47C0-A8CA-338110150DBF}.Release|iPhoneSimulator.ActiveCfg = Release|iPhoneSimulator
		{587BD0DB-BA54-47C0-A8CA-338110150DBF}.Release|iPhoneSimulator.Build.0 = Release|iPhoneSimulator
		{49CD013E-5A23-4501-8C8C-B5E154CAAE77}.Debug|Any CPU.ActiveCfg = Debug|Any CPU
		{49CD013E-5A23-4501-8C8C-B5E154CAAE77}.Debug|Any CPU.Build.0 = Debug|Any CPU
		{49CD013E-5A23-4501-8C8C-B5E154CAAE77}.Debug|iPhone.ActiveCfg = Debug|Any CPU
		{49CD013E-5A23-4501-8C8C-B5E154CAAE77}.Debug|iPhone.Build.0 = Debug|Any CPU
		{49CD013E-5A23-4501-8C8C-B5E154CAAE77}.Debug|iPhoneSimulator.ActiveCfg = Debug|Any CPU
		{49CD013E-5A23-4501-8C8C-B5E154CAAE77}.Debug|iPhoneSimulator.Build.0 = Debug|Any CPU
		{49CD013E-5A23-4501-8C8C-B5E154CAAE77}.Release|Any CPU.ActiveCfg = Release|Any CPU
		{49CD013E-5A23-4501-8C8C-B5E154CAAE77}.Release|Any CPU.Build.0 = Release|Any CPU
		{49CD013E-5A23-4501-8C8C-B5E154CAAE77}.Release|iPhone.ActiveCfg = Release|Any CPU
		{49CD013E-5A23-4501-8C8C-B5E154CAAE77}.Release|iPhone.Build.0 = Release|Any CPU
		{49CD013E-5A23-4501-8C8C-B5E154CAAE77}.Release|iPhoneSimulator.ActiveCfg = Release|Any CPU
		{49CD013E-5A23-4501-8C8C-B5E154CAAE77}.Release|iPhoneSimulator.Build.0 = Release|Any CPU
	EndGlobalSection
	GlobalSection(SolutionProperties) = preSolution
		HideSolutionNode = FALSE
	EndGlobalSection
	GlobalSection(ExtensibilityGlobals) = postSolution
		SolutionGuid = {174FD9A2-2DB9-4677-937A-1EA92225115A}
	EndGlobalSection
EndGlobal
